// !$*UTF8*$!
{
	archiveVersion = 1;
	classes = {
	};
	objectVersion = 50;
	objects = {

/* Begin PBXBuildFile section */
		FF99BEB1255E496B000F8BD7 /* AppDelegate.swift in Sources */ = {isa = PBXBuildFile; fileRef = FF99BEB0255E496B000F8BD7 /* AppDelegate.swift */; };
		FF99BEB3255E496B000F8BD7 /* SceneDelegate.swift in Sources */ = {isa = PBXBuildFile; fileRef = FF99BEB2255E496B000F8BD7 /* SceneDelegate.swift */; };
		FF99BEB5255E496B000F8BD7 /* ViewController.swift in Sources */ = {isa = PBXBuildFile; fileRef = FF99BEB4255E496B000F8BD7 /* ViewController.swift */; };
		FF99BEB8255E496B000F8BD7 /* Main.storyboard in Resources */ = {isa = PBXBuildFile; fileRef = FF99BEB6255E496B000F8BD7 /* Main.storyboard */; };
		FF99BEBA255E4970000F8BD7 /* Assets.xcassets in Resources */ = {isa = PBXBuildFile; fileRef = FF99BEB9255E4970000F8BD7 /* Assets.xcassets */; };
		FF99BEBD255E4970000F8BD7 /* LaunchScreen.storyboard in Resources */ = {isa = PBXBuildFile; fileRef = FF99BEBB255E4970000F8BD7 /* LaunchScreen.storyboard */; };
/* End PBXBuildFile section */

/* Begin PBXFileReference section */
		FF99BEAD255E496B000F8BD7 /* Me Nota.app */ = {isa = PBXFileReference; explicitFileType = wrapper.application; includeInIndex = 0; path = "Me Nota.app"; sourceTree = BUILT_PRODUCTS_DIR; };
		FF99BEB0255E496B000F8BD7 /* AppDelegate.swift */ = {isa = PBXFileReference; lastKnownFileType = sourcecode.swift; path = AppDelegate.swift; sourceTree = "<group>"; };
		FF99BEB2255E496B000F8BD7 /* SceneDelegate.swift */ = {isa = PBXFileReference; lastKnownFileType = sourcecode.swift; path = SceneDelegate.swift; sourceTree = "<group>"; };
		FF99BEB4255E496B000F8BD7 /* ViewController.swift */ = {isa = PBXFileReference; lastKnownFileType = sourcecode.swift; path = ViewController.swift; sourceTree = "<group>"; };
		FF99BEB7255E496B000F8BD7 /* Base */ = {isa = PBXFileReference; lastKnownFileType = file.storyboard; name = Base; path = Base.lproj/Main.storyboard; sourceTree = "<group>"; };
		FF99BEB9255E4970000F8BD7 /* Assets.xcassets */ = {isa = PBXFileReference; lastKnownFileType = folder.assetcatalog; path = Assets.xcassets; sourceTree = "<group>"; };
		FF99BEBC255E4970000F8BD7 /* Base */ = {isa = PBXFileReference; lastKnownFileType = file.storyboard; name = Base; path = Base.lproj/LaunchScreen.storyboard; sourceTree = "<group>"; };
		FF99BEBE255E4970000F8BD7 /* Info.plist */ = {isa = PBXFileReference; lastKnownFileType = text.plist.xml; path = Info.plist; sourceTree = "<group>"; };
/* End PBXFileReference section */

/* Begin PBXFrameworksBuildPhase section */
		FF99BEAA255E496B000F8BD7 /* Frameworks */ = {
			isa = PBXFrameworksBuildPhase;
			buildActionMask = 2147483647;
			files = (
			);
			runOnlyForDeploymentPostprocessing = 0;
		};
/* End PBXFrameworksBuildPhase section */

/* Begin PBXGroup section */
		FF99BEA4255E496B000F8BD7 = {
			isa = PBXGroup;
			children = (
				FF99BEAF255E496B000F8BD7 /* Me Nota */,
				FF99BEAE255E496B000F8BD7 /* Products */,
			);
			sourceTree = "<group>";
		};
		FF99BEAE255E496B000F8BD7 /* Products */ = {
			isa = PBXGroup;
			children = (
				FF99BEAD255E496B000F8BD7 /* Me Nota.app */,
			);
			name = Products;
			sourceTree = "<group>";
		};
		FF99BEAF255E496B000F8BD7 /* Me Nota */ = {
			isa = PBXGroup;
			children = (
				FF99BEB0255E496B000F8BD7 /* AppDelegate.swift */,
				FF99BEB2255E496B000F8BD7 /* SceneDelegate.swift */,
				FF99BEB4255E496B000F8BD7 /* ViewController.swift */,
				FF99BEB6255E496B000F8BD7 /* Main.storyboard */,
				FF99BEB9255E4970000F8BD7 /* Assets.xcassets */,
				FF99BEBB255E4970000F8BD7 /* LaunchScreen.storyboard */,
				FF99BEBE255E4970000F8BD7 /* Info.plist */,
			);
			path = "Me Nota";
			sourceTree = "<group>";
		};
/* End PBXGroup section */

/* Begin PBXNativeTarget section */
		FF99BEAC255E496B000F8BD7 /* Me Nota */ = {
			isa = PBXNativeTarget;
			buildConfigurationList = FF99BEC1255E4970000F8BD7 /* Build configuration list for PBXNativeTarget "Me Nota" */;
			buildPhases = (
				FF99BEA9255E496B000F8BD7 /* Sources */,
				FF99BEAA255E496B000F8BD7 /* Frameworks */,
				FF99BEAB255E496B000F8BD7 /* Resources */,
			);
			buildRules = (
			);
			dependencies = (
			);
			name = "Me Nota";
			productName = "Me Nota";
			productReference = FF99BEAD255E496B000F8BD7 /* Me Nota.app */;
			productType = "com.apple.product-type.application";
		};
/* End PBXNativeTarget section */

/* Begin PBXProject section */
		FF99BEA5255E496B000F8BD7 /* Project object */ = {
			isa = PBXProject;
			attributes = {
				LastSwiftUpdateCheck = 1210;
				LastUpgradeCheck = 1210;
				TargetAttributes = {
					FF99BEAC255E496B000F8BD7 = {
						CreatedOnToolsVersion = 12.1;
					};
				};
			};
			buildConfigurationList = FF99BEA8255E496B000F8BD7 /* Build configuration list for PBXProject "Me Nota" */;
			compatibilityVersion = "Xcode 9.3";
			developmentRegion = en;
			hasScannedForEncodings = 0;
			knownRegions = (
				en,
				Base,
			);
			mainGroup = FF99BEA4255E496B000F8BD7;
			productRefGroup = FF99BEAE255E496B000F8BD7 /* Products */;
			projectDirPath = "";
			projectRoot = "";
			targets = (
				FF99BEAC255E496B000F8BD7 /* Me Nota */,
			);
		};
/* End PBXProject section */

/* Begin PBXResourcesBuildPhase section */
		FF99BEAB255E496B000F8BD7 /* Resources */ = {
			isa = PBXResourcesBuildPhase;
			buildActionMask = 2147483647;
			files = (
				FF99BEBD255E4970000F8BD7 /* LaunchScreen.storyboard in Resources */,
				FF99BEBA255E4970000F8BD7 /* Assets.xcassets in Resources */,
				FF99BEB8255E496B000F8BD7 /* Main.storyboard in Resources */,
			);
			runOnlyForDeploymentPostprocessing = 0;
		};
/* End PBXResourcesBuildPhase section */

/* Begin PBXSourcesBuildPhase section */
		FF99BEA9255E496B000F8BD7 /* Sources */ = {
			isa = PBXSourcesBuildPhase;
			buildActionMask = 2147483647;
			files = (
				FF99BEB5255E496B000F8BD7 /* ViewController.swift in Sources */,
				FF99BEB1255E496B000F8BD7 /* AppDelegate.swift in Sources */,
				FF99BEB3255E496B000F8BD7 /* SceneDelegate.swift in Sources */,
			);
			runOnlyForDeploymentPostprocessing = 0;
		};
/* End PBXSourcesBuildPhase section */

/* Begin PBXVariantGroup section */
		FF99BEB6255E496B000F8BD7 /* Main.storyboard */ = {
			isa = PBXVariantGroup;
			children = (
				FF99BEB7255E496B000F8BD7 /* Base */,
			);
			name = Main.storyboard;
			sourceTree = "<group>";
		};
		FF99BEBB255E4970000F8BD7 /* LaunchScreen.storyboard */ = {
			isa = PBXVariantGroup;
			children = (
				FF99BEBC255E4970000F8BD7 /* Base */,
			);
			name = LaunchScreen.storyboard;
			sourceTree = "<group>";
		};
/* End PBXVariantGroup section */

/* Begin XCBuildConfiguration section */
		FF99BEBF255E4970000F8BD7 /* Debug */ = {
			isa = XCBuildConfiguration;
			buildSettings = {
				ALWAYS_SEARCH_USER_PATHS = NO;
				CLANG_ANALYZER_NONNULL = YES;
				CLANG_ANALYZER_NUMBER_OBJECT_CONVERSION = YES_AGGRESSIVE;
				CLANG_CXX_LANGUAGE_STANDARD = "gnu++14";
				CLANG_CXX_LIBRARY = "libc++";
				CLANG_ENABLE_MODULES = YES;
				CLANG_ENABLE_OBJC_ARC = YES;
				CLANG_ENABLE_OBJC_WEAK = YES;
				CLANG_WARN_BLOCK_CAPTURE_AUTORELEASING = YES;
				CLANG_WARN_BOOL_CONVERSION = YES;
				CLANG_WARN_COMMA = YES;
				CLANG_WARN_CONSTANT_CONVERSION = YES;
				CLANG_WARN_DEPRECATED_OBJC_IMPLEMENTATIONS = YES;
				CLANG_WARN_DIRECT_OBJC_ISA_USAGE = YES_ERROR;
				CLANG_WARN_DOCUMENTATION_COMMENTS = YES;
				CLANG_WARN_EMPTY_BODY = YES;
				CLANG_WARN_ENUM_CONVERSION = YES;
				CLANG_WARN_INFINITE_RECURSION = YES;
				CLANG_WARN_INT_CONVERSION = YES;
				CLANG_WARN_NON_LITERAL_NULL_CONVERSION = YES;
				CLANG_WARN_OBJC_IMPLICIT_RETAIN_SELF = YES;
				CLANG_WARN_OBJC_LITERAL_CONVERSION = YES;
				CLANG_WARN_OBJC_ROOT_CLASS = YES_ERROR;
				CLANG_WARN_QUOTED_INCLUDE_IN_FRAMEWORK_HEADER = YES;
				CLANG_WARN_RANGE_LOOP_ANALYSIS = YES;
				CLANG_WARN_STRICT_PROTOTYPES = YES;
				CLANG_WARN_SUSPICIOUS_MOVE = YES;
				CLANG_WARN_UNGUARDED_AVAILABILITY = YES_AGGRESSIVE;
				CLANG_WARN_UNREACHABLE_CODE = YES;
				CLANG_WARN__DUPLICATE_METHOD_MATCH = YES;
				COPY_PHASE_STRIP = NO;
				DEBUG_INFORMATION_FORMAT = dwarf;
				ENABLE_STRICT_OBJC_MSGSEND = YES;
				ENABLE_TESTABILITY = YES;
				GCC_C_LANGUAGE_STANDARD = gnu11;
				GCC_DYNAMIC_NO_PIC = NO;
				GCC_NO_COMMON_BLOCKS = YES;
				GCC_OPTIMIZATION_LEVEL = 0;
				GCC_PREPROCESSOR_DEFINITIONS = (
					"DEBUG=1",
					"$(inherited)",
				);
				GCC_WARN_64_TO_32_BIT_CONVERSION = YES;
				GCC_WARN_ABOUT_RETURN_TYPE = YES_ERROR;
				GCC_WARN_UNDECLARED_SELECTOR = YES;
				GCC_WARN_UNINITIALIZED_AUTOS = YES_AGGRESSIVE;
				GCC_WARN_UNUSED_FUNCTION = YES;
				GCC_WARN_UNUSED_VARIABLE = YES;
				IPHONEOS_DEPLOYMENT_TARGET = 14.1;
				MTL_ENABLE_DEBUG_INFO = INCLUDE_SOURCE;
				MTL_FAST_MATH = YES;
				ONLY_ACTIVE_ARCH = YES;
				SDKROOT = iphoneos;
				SWIFT_ACTIVE_COMPILATION_CONDITIONS = DEBUG;
				SWIFT_OPTIMIZATION_LEVEL = "-Onone";
			};
			name = Debug;
		};
		FF99BEC0255E4970000F8BD7 /* Release */ = {
			isa = XCBuildConfiguration;
			buildSettings = {
				ALWAYS_SEARCH_USER_PATHS = NO;
				CLANG_ANALYZER_NONNULL = YES;
				CLANG_ANALYZER_NUMBER_OBJECT_CONVERSION = YES_AGGRESSIVE;
				CLANG_CXX_LANGUAGE_STANDARD = "gnu++14";
				CLANG_CXX_LIBRARY = "libc++";
				CLANG_ENABLE_MODULES = YES;
				CLANG_ENABLE_OBJC_ARC = YES;
				CLANG_ENABLE_OBJC_WEAK = YES;
				CLANG_WARN_BLOCK_CAPTURE_AUTORELEASING = YES;
				CLANG_WARN_BOOL_CONVERSION = YES;
				CLANG_WARN_COMMA = YES;
				CLANG_WARN_CONSTANT_CONVERSION = YES;
				CLANG_WARN_DEPRECATED_OBJC_IMPLEMENTATIONS = YES;
				CLANG_WARN_DIRECT_OBJC_ISA_USAGE = YES_ERROR;
				CLANG_WARN_DOCUMENTATION_COMMENTS = YES;
				CLANG_WARN_EMPTY_BODY = YES;
				CLANG_WARN_ENUM_CONVERSION = YES;
				CLANG_WARN_INFINITE_RECURSION = YES;
				CLANG_WARN_INT_CONVERSION = YES;
				CLANG_WARN_NON_LITERAL_NULL_CONVERSION = YES;
				CLANG_WARN_OBJC_IMPLICIT_RETAIN_SELF = YES;
				CLANG_WARN_OBJC_LITERAL_CONVERSION = YES;
				CLANG_WARN_OBJC_ROOT_CLASS = YES_ERROR;
				CLANG_WARN_QUOTED_INCLUDE_IN_FRAMEWORK_HEADER = YES;
				CLANG_WARN_RANGE_LOOP_ANALYSIS = YES;
				CLANG_WARN_STRICT_PROTOTYPES = YES;
				CLANG_WARN_SUSPICIOUS_MOVE = YES;
				CLANG_WARN_UNGUARDED_AVAILABILITY = YES_AGGRESSIVE;
				CLANG_WARN_UNREACHABLE_CODE = YES;
				CLANG_WARN__DUPLICATE_METHOD_MATCH = YES;
				COPY_PHASE_STRIP = NO;
				DEBUG_INFORMATION_FORMAT = "dwarf-with-dsym";
				ENABLE_NS_ASSERTIONS = NO;
				ENABLE_STRICT_OBJC_MSGSEND = YES;
				GCC_C_LANGUAGE_STANDARD = gnu11;
				GCC_NO_COMMON_BLOCKS = YES;
				GCC_WARN_64_TO_32_BIT_CONVERSION = YES;
				GCC_WARN_ABOUT_RETURN_TYPE = YES_ERROR;
				GCC_WARN_UNDECLARED_SELECTOR = YES;
				GCC_WARN_UNINITIALIZED_AUTOS = YES_AGGRESSIVE;
				GCC_WARN_UNUSED_FUNCTION = YES;
				GCC_WARN_UNUSED_VARIABLE = YES;
				IPHONEOS_DEPLOYMENT_TARGET = 14.1;
				MTL_ENABLE_DEBUG_INFO = NO;
				MTL_FAST_MATH = YES;
				SDKROOT = iphoneos;
				SWIFT_COMPILATION_MODE = wholemodule;
				SWIFT_OPTIMIZATION_LEVEL = "-O";
				VALIDATE_PRODUCT = YES;
			};
			name = Release;
		};
		FF99BEC2255E4970000F8BD7 /* Debug */ = {
			isa = XCBuildConfiguration;
			buildSettings = {
				ASSETCATALOG_COMPILER_APPICON_NAME = AppIcon;
				ASSETCATALOG_COMPILER_GLOBAL_ACCENT_COLOR_NAME = AccentColor;
				CODE_SIGN_STYLE = Automatic;
				DEVELOPMENT_TEAM = D875K5N85J;
				INFOPLIST_FILE = "Me Nota/Info.plist";
				LD_RUNPATH_SEARCH_PATHS = (
					"$(inherited)",
					"@executable_path/Frameworks",
				);
				PRODUCT_BUNDLE_IDENTIFIER = "rfrod.Me-Nota";
				PRODUCT_NAME = "$(TARGET_NAME)";
				SWIFT_VERSION = 5.0;
				TARGETED_DEVICE_FAMILY = "1,2";
			};
			name = Debug;
		};
		FF99BEC3255E4970000F8BD7 /* Release */ = {
			isa = XCBuildConfiguration;
			buildSettings = {
				ASSETCATALOG_COMPILER_APPICON_NAME = AppIcon;
				ASSETCATALOG_COMPILER_GLOBAL_ACCENT_COLOR_NAME = AccentColor;
				CODE_SIGN_STYLE = Automatic;
				DEVELOPMENT_TEAM = D875K5N85J;
				INFOPLIST_FILE = "Me Nota/Info.plist";
				LD_RUNPATH_SEARCH_PATHS = (
					"$(inherited)",
					"@executable_path/Frameworks",
				);
				PRODUCT_BUNDLE_IDENTIFIER = "rfrod.Me-Nota";
				PRODUCT_NAME = "$(TARGET_NAME)";
				SWIFT_VERSION = 5.0;
				TARGETED_DEVICE_FAMILY = "1,2";
			};
			name = Release;
		};
/* End XCBuildConfiguration section */

/* Begin XCConfigurationList section */
		FF99BEA8255E496B000F8BD7 /* Build configuration list for PBXProject "Me Nota" */ = {
			isa = XCConfigurationList;
			buildConfigurations = (
				FF99BEBF255E4970000F8BD7 /* Debug */,
				FF99BEC0255E4970000F8BD7 /* Release */,
			);
			defaultConfigurationIsVisible = 0;
			defaultConfigurationName = Release;
		};
		FF99BEC1255E4970000F8BD7 /* Build configuration list for PBXNativeTarget "Me Nota" */ = {
			isa = XCConfigurationList;
			buildConfigurations = (
				FF99BEC2255E4970000F8BD7 /* Debug */,
				FF99BEC3255E4970000F8BD7 /* Release */,
			);
			defaultConfigurationIsVisible = 0;
			defaultConfigurationName = Release;
		};
/* End XCConfigurationList section */
	};
	rootObject = FF99BEA5255E496B000F8BD7 /* Project object */;
}
